
Microsoft Visual Studio Solution File, Format Version 12.00
# Visual Studio Version 17
VisualStudioVersion = 17.8.34408.163
MinimumVisualStudioVersion = 10.0.40219.1
Project("{FAE04EC0-301F-11D3-BF4B-00C04F79EFBC}") = "Bookworm", "Bookworm\Bookworm.csproj", "{C72147B5-F3B4-4018-84A6-ABF416FCB7A3}"
EndProject
Project("{2150E333-8FDC-42A3-9474-1A3956D46DE8}") = "Solution Items", "Solution Items", "{CA69A593-6EFE-4121-AB6E-7E9F30DEC5FF}"
	ProjectSection(SolutionItems) = preProject
		.editorconfig = .editorconfig
	EndProjectSection
EndProject
Global
	GlobalSection(SolutionConfigurationPlatforms) = preSolution
		Debug|Any CPU = Debug|Any CPU
		Release|Any CPU = Release|Any CPU
	EndGlobalSection
	GlobalSection(ProjectConfigurationPlatforms) = postSolution
		{C72147B5-F3B4-4018-84A6-ABF416FCB7A3}.Debug|Any CPU.ActiveCfg = Debug|Any CPU
		{C72147B5-F3B4-4018-84A6-ABF416FCB7A3}.Debug|Any CPU.Build.0 = Debug|Any CPU
		{C72147B5-F3B4-4018-84A6-ABF416FCB7A3}.Release|Any CPU.ActiveCfg = Release|Any CPU
		{C72147B5-F3B4-4018-84A6-ABF416FCB7A3}.Release|Any CPU.Build.0 = Release|Any CPU
	EndGlobalSection
	GlobalSection(SolutionProperties) = preSolution
		HideSolutionNode = FALSE
	EndGlobalSection
	GlobalSection(ExtensibilityGlobals) = postSolution
		SolutionGuid = {151671D0-9563-4C4C-AD56-BBB061689E18}
	EndGlobalSection
EndGlobal
